
Microsoft Visual Studio Solution File, Format Version 12.00
# Visual Studio Version 17
VisualStudioVersion = 17.14.36429.23 d17.14
MinimumVisualStudioVersion = 10.0.40219.1
Project("{FAE04EC0-301F-11D3-BF4B-00C04F79EFBC}") = "BAS.Padrones.Tucuman", "BAS.Padrones.Tucuman\BAS.Padrones.Tucuman.csproj", "{4B0CB364-90CE-466F-BF74-A97C28AE58BA}"
EndProject
Global
	GlobalSection(SolutionConfigurationPlatforms) = preSolution
		Debug|Any CPU = Debug|Any CPU
		Release|Any CPU = Release|Any CPU
	EndGlobalSection
	GlobalSection(ProjectConfigurationPlatforms) = postSolution
		{4B0CB364-90CE-466F-BF74-A97C28AE58BA}.Debug|Any CPU.ActiveCfg = Debug|Any CPU
		{4B0CB364-90CE-466F-BF74-A97C28AE58BA}.Debug|Any CPU.Build.0 = Debug|Any CPU
		{4B0CB364-90CE-466F-BF74-A97C28AE58BA}.Release|Any CPU.ActiveCfg = Release|Any CPU
		{4B0CB364-90CE-466F-BF74-A97C28AE58BA}.Release|Any CPU.Build.0 = Release|Any CPU
	EndGlobalSection
	GlobalSection(SolutionProperties) = preSolution
		HideSolutionNode = FALSE
	EndGlobalSection
	GlobalSection(ExtensibilityGlobals) = postSolution
		SolutionGuid = {AAF1C574-0937-4482-9B3F-C98F711D88D2}
	EndGlobalSection
EndGlobal
